
Microsoft Visual Studio Solution File, Format Version 12.00
# Visual Studio 15
VisualStudioVersion = 15.0.27004.2009
MinimumVisualStudioVersion = 10.0.40219.1
Project("{8BC9CEB8-8B4A-11D0-8D11-00A0C91BC942}") = "Simulator", "Simulator\Simulator.vcxproj", "{6ECDFEBF-F3FF-4D04-B0FC-B875C79BB613}"
EndProject
Project("{8BC9CEB8-8B4A-11D0-8D11-00A0C91BC942}") = "BotCore", "BotCore\BotCore.vcxproj", "{50B8408C-6C97-46A7-97C1-A6A8DEC5CC70}"
	ProjectSection(ProjectDependencies) = postProject
		{1927AE78-766F-4290-A674-3A4D863A7B8F} = {1927AE78-766F-4290-A674-3A4D863A7B8F}
	EndProjectSection
EndProject
Project("{2150E333-8FDC-42A3-9474-1A3956D46DE8}") = "Games", "Games", "{DC4B8E1D-6B4F-4FD1-80DC-93040651E9A7}"
EndProject
Project("{8BC9CEB8-8B4A-11D0-8D11-00A0C91BC942}") = "RockPaperScissors", "games\RockPaperScissors\RockPaperScissors.vcxproj", "{1927AE78-766F-4290-A674-3A4D863A7B8F}"
EndProject
Project("{8BC9CEB8-8B4A-11D0-8D11-00A0C91BC942}") = "GameFramework", "GameFramework\GameFramework.vcxitems", "{6ABAE26E-A3EE-47D5-BFCA-087DDDA42764}"
EndProject
Project("{8BC9CEB8-8B4A-11D0-8D11-00A0C91BC942}") = "Utility", "Utility\Utility.vcxitems", "{3AEBBC65-E226-42E1-94E8-BFC7A10D04C9}"
EndProject
Project("{8BC9CEB8-8B4A-11D0-8D11-00A0C91BC942}") = "LGTBotGameTemplate1", "LGTBotGameTemplate1\LGTBotGameTemplate1.vcxproj", "{63473B26-40C8-4803-910D-4E1FD4FAB828}"
EndProject
Global
	GlobalSection(SharedMSBuildProjectFiles) = preSolution
		GameFramework\GameFramework.vcxitems*{1927ae78-766f-4290-a674-3a4d863a7b8f}*SharedItemsImports = 4
		Utility\Utility.vcxitems*{1927ae78-766f-4290-a674-3a4d863a7b8f}*SharedItemsImports = 4
		Utility\Utility.vcxitems*{3aebbc65-e226-42e1-94e8-bfc7a10d04c9}*SharedItemsImports = 9
		Utility\Utility.vcxitems*{50b8408c-6c97-46a7-97c1-a6a8dec5cc70}*SharedItemsImports = 4
		GameFramework\GameFramework.vcxitems*{63473b26-40c8-4803-910d-4e1fd4fab828}*SharedItemsImports = 4
		Utility\Utility.vcxitems*{63473b26-40c8-4803-910d-4e1fd4fab828}*SharedItemsImports = 4
		GameFramework\GameFramework.vcxitems*{6abae26e-a3ee-47d5-bfca-087ddda42764}*SharedItemsImports = 9
	EndGlobalSection
	GlobalSection(SolutionConfigurationPlatforms) = preSolution
		Debug|Win32 = Debug|Win32
		Debug|x64 = Debug|x64
		Release|Win32 = Release|Win32
		Release|x64 = Release|x64
		Test|Win32 = Test|Win32
		Test|x64 = Test|x64
	EndGlobalSection
	GlobalSection(ProjectConfigurationPlatforms) = postSolution
		{6ECDFEBF-F3FF-4D04-B0FC-B875C79BB613}.Debug|Win32.ActiveCfg = Debug|Win32
		{6ECDFEBF-F3FF-4D04-B0FC-B875C79BB613}.Debug|Win32.Build.0 = Debug|Win32
		{6ECDFEBF-F3FF-4D04-B0FC-B875C79BB613}.Debug|x64.ActiveCfg = Debug|x64
		{6ECDFEBF-F3FF-4D04-B0FC-B875C79BB613}.Debug|x64.Build.0 = Debug|x64
		{6ECDFEBF-F3FF-4D04-B0FC-B875C79BB613}.Release|Win32.ActiveCfg = Release|Win32
		{6ECDFEBF-F3FF-4D04-B0FC-B875C79BB613}.Release|Win32.Build.0 = Release|Win32
		{6ECDFEBF-F3FF-4D04-B0FC-B875C79BB613}.Release|x64.ActiveCfg = Release|x64
		{6ECDFEBF-F3FF-4D04-B0FC-B875C79BB613}.Release|x64.Build.0 = Release|x64
		{6ECDFEBF-F3FF-4D04-B0FC-B875C79BB613}.Test|Win32.ActiveCfg = Release|Win32
		{6ECDFEBF-F3FF-4D04-B0FC-B875C79BB613}.Test|Win32.Build.0 = Release|Win32
		{6ECDFEBF-F3FF-4D04-B0FC-B875C79BB613}.Test|x64.ActiveCfg = Release|x64
		{6ECDFEBF-F3FF-4D04-B0FC-B875C79BB613}.Test|x64.Build.0 = Release|x64
		{50B8408C-6C97-46A7-97C1-A6A8DEC5CC70}.Debug|Win32.ActiveCfg = Debug|Win32
		{50B8408C-6C97-46A7-97C1-A6A8DEC5CC70}.Debug|Win32.Build.0 = Debug|Win32
		{50B8408C-6C97-46A7-97C1-A6A8DEC5CC70}.Debug|x64.ActiveCfg = Debug|x64
		{50B8408C-6C97-46A7-97C1-A6A8DEC5CC70}.Debug|x64.Build.0 = Debug|x64
		{50B8408C-6C97-46A7-97C1-A6A8DEC5CC70}.Release|Win32.ActiveCfg = Release|Win32
		{50B8408C-6C97-46A7-97C1-A6A8DEC5CC70}.Release|Win32.Build.0 = Release|Win32
		{50B8408C-6C97-46A7-97C1-A6A8DEC5CC70}.Release|x64.ActiveCfg = Release|x64
		{50B8408C-6C97-46A7-97C1-A6A8DEC5CC70}.Release|x64.Build.0 = Release|x64
		{50B8408C-6C97-46A7-97C1-A6A8DEC5CC70}.Test|Win32.ActiveCfg = Release|Win32
		{50B8408C-6C97-46A7-97C1-A6A8DEC5CC70}.Test|Win32.Build.0 = Release|Win32
		{50B8408C-6C97-46A7-97C1-A6A8DEC5CC70}.Test|x64.ActiveCfg = Release|x64
		{50B8408C-6C97-46A7-97C1-A6A8DEC5CC70}.Test|x64.Build.0 = Release|x64
		{1927AE78-766F-4290-A674-3A4D863A7B8F}.Debug|Win32.ActiveCfg = Debug|Win32
		{1927AE78-766F-4290-A674-3A4D863A7B8F}.Debug|Win32.Build.0 = Debug|Win32
		{1927AE78-766F-4290-A674-3A4D863A7B8F}.Debug|x64.ActiveCfg = Debug|x64
		{1927AE78-766F-4290-A674-3A4D863A7B8F}.Debug|x64.Build.0 = Debug|x64
		{1927AE78-766F-4290-A674-3A4D863A7B8F}.Release|Win32.ActiveCfg = Release|Win32
		{1927AE78-766F-4290-A674-3A4D863A7B8F}.Release|Win32.Build.0 = Release|Win32
		{1927AE78-766F-4290-A674-3A4D863A7B8F}.Release|x64.ActiveCfg = Release|x64
		{1927AE78-766F-4290-A674-3A4D863A7B8F}.Release|x64.Build.0 = Release|x64
		{1927AE78-766F-4290-A674-3A4D863A7B8F}.Test|Win32.ActiveCfg = Release|Win32
		{1927AE78-766F-4290-A674-3A4D863A7B8F}.Test|Win32.Build.0 = Release|Win32
		{1927AE78-766F-4290-A674-3A4D863A7B8F}.Test|x64.ActiveCfg = Release|x64
		{1927AE78-766F-4290-A674-3A4D863A7B8F}.Test|x64.Build.0 = Release|x64
		{63473B26-40C8-4803-910D-4E1FD4FAB828}.Debug|Win32.ActiveCfg = Debug|Win32
		{63473B26-40C8-4803-910D-4E1FD4FAB828}.Debug|Win32.Build.0 = Debug|Win32
		{63473B26-40C8-4803-910D-4E1FD4FAB828}.Debug|x64.ActiveCfg = Debug|x64
		{63473B26-40C8-4803-910D-4E1FD4FAB828}.Debug|x64.Build.0 = Debug|x64
		{63473B26-40C8-4803-910D-4E1FD4FAB828}.Release|Win32.ActiveCfg = Release|Win32
		{63473B26-40C8-4803-910D-4E1FD4FAB828}.Release|Win32.Build.0 = Release|Win32
		{63473B26-40C8-4803-910D-4E1FD4FAB828}.Release|x64.ActiveCfg = Release|x64
		{63473B26-40C8-4803-910D-4E1FD4FAB828}.Release|x64.Build.0 = Release|x64
		{63473B26-40C8-4803-910D-4E1FD4FAB828}.Test|Win32.ActiveCfg = Release|Win32
		{63473B26-40C8-4803-910D-4E1FD4FAB828}.Test|Win32.Build.0 = Release|Win32
		{63473B26-40C8-4803-910D-4E1FD4FAB828}.Test|x64.ActiveCfg = Release|x64
		{63473B26-40C8-4803-910D-4E1FD4FAB828}.Test|x64.Build.0 = Release|x64
	EndGlobalSection
	GlobalSection(SolutionProperties) = preSolution
		HideSolutionNode = FALSE
	EndGlobalSection
	GlobalSection(NestedProjects) = preSolution
		{1927AE78-766F-4290-A674-3A4D863A7B8F} = {DC4B8E1D-6B4F-4FD1-80DC-93040651E9A7}
		{6ABAE26E-A3EE-47D5-BFCA-087DDDA42764} = {DC4B8E1D-6B4F-4FD1-80DC-93040651E9A7}
		{3AEBBC65-E226-42E1-94E8-BFC7A10D04C9} = {DC4B8E1D-6B4F-4FD1-80DC-93040651E9A7}
		{63473B26-40C8-4803-910D-4E1FD4FAB828} = {DC4B8E1D-6B4F-4FD1-80DC-93040651E9A7}
	EndGlobalSection
	GlobalSection(ExtensibilityGlobals) = postSolution
		SolutionGuid = {57B14C1F-F749-427D-BC27-E6820A5588F3}
	EndGlobalSection
EndGlobal
